
Microsoft Visual Studio Solution File, Format Version 12.00
# Visual Studio Version 17
VisualStudioVersion = 17.9.34728.123
MinimumVisualStudioVersion = 10.0.40219.1
Project("{FAE04EC0-301F-11D3-BF4B-00C04F79EFBC}") = "Proyecto01", "Proyecto01\Proyecto01.csproj", "{0714DB7F-D359-419D-94A1-57143FC47C3C}"
EndProject
Global
	GlobalSection(SolutionConfigurationPlatforms) = preSolution
		Debug|Any CPU = Debug|Any CPU
		Release|Any CPU = Release|Any CPU
	EndGlobalSection
	GlobalSection(ProjectConfigurationPlatforms) = postSolution
		{0714DB7F-D359-419D-94A1-57143FC47C3C}.Debug|Any CPU.ActiveCfg = Debug|Any CPU
		{0714DB7F-D359-419D-94A1-57143FC47C3C}.Debug|Any CPU.Build.0 = Debug|Any CPU
		{0714DB7F-D359-419D-94A1-57143FC47C3C}.Release|Any CPU.ActiveCfg = Release|Any CPU
		{0714DB7F-D359-419D-94A1-57143FC47C3C}.Release|Any CPU.Build.0 = Release|Any CPU
	EndGlobalSection
	GlobalSection(SolutionProperties) = preSolution
		HideSolutionNode = FALSE
	EndGlobalSection
	GlobalSection(ExtensibilityGlobals) = postSolution
		SolutionGuid = {EEB07F5A-B7C7-4621-9D3C-ECEF786BE6BD}
	EndGlobalSection
EndGlobal
